# This file is autogenerated, do not edit; changes may be undone by the next 'dep ensure'.


[[projects]]
  digest = "1:71be6302fa0607e391a2b8a2b763eb5b624ee65add3966984cb3a9465faf51df"
  name = "github.com/caarlos0/env"
  packages = ["."]
  pruneopts = "UT"
  revision = "4bd75bf16b9ef8c1383109b5e4d931bd72c3b6d0"
  version = "v6.0.0"

[[projects]]
  digest = "1:caa1da085cc12cd39d3ddb267434902f621050e1b46f7e9477b2b933df680193"
  name = "github.com/klauspost/compress"
  packages = [
    "flate",
    "gzip",
    "zlib",
  ]
  pruneopts = "UT"
  revision = "9342d2c87674fc9ed5324d5d77d5f11f328bc11b"
  version = "v1.8.3"

[[projects]]
  digest = "1:923c4d7194b42e054b2eb8a6c62824ac55e23ececc1c7e48d4da69c971c55954"
  name = "github.com/klauspost/cpuid"
  packages = ["."]
  pruneopts = "UT"
  revision = "05a8198c0f5a27739aec358908d7e12c64ce6eb7"
  version = "v1.2.1"

[[projects]]
  digest = "1:c468422f334a6b46a19448ad59aaffdfc0a36b08fdcc1c749a0b29b6453d7e59"
  name = "github.com/valyala/bytebufferpool"
  packages = ["."]
  pruneopts = "UT"
  revision = "e746df99fe4a3986f4d4f79e13c1e0117ce9c2f7"
  version = "v1.0.0"

[[projects]]
  digest = "1:15ad8a80098fcc7a194b9db6b26d74072a852e4faa957848c8118193d3c69230"
  name = "github.com/valyala/fasthttp"
  packages = [
    ".",
    "fasthttputil",
    "stackless",
  ]
  pruneopts = "UT"
  revision = "e5f51c11919d4f66400334047b897ef0a94c6f3c"
  version = "v20180529"

[[projects]]
  digest = "1:bc6ccb93f9d234e65a2a859c12bcbe3bf93d2c6c66841a887eae169406999cda"
  name = "gopkg.in/h2non/bimg.v1"
  packages = ["."]
  pruneopts = "UT"
  revision = "4b9abdb945893c295f0e58b6803102f23e061ad0"
  version = "v1.0.19"

[solve-meta]
  analyzer-name = "dep"
  analyzer-version = 1
  input-imports = [
    "github.com/caarlos0/env",
    "github.com/valyala/fasthttp",
    "gopkg.in/h2non/bimg.v1",
  ]
  solver-name = "gps-cdcl"
  solver-version = 1
